
Microsoft Visual Studio Solution File, Format Version 12.00
# Visual Studio Version 17
VisualStudioVersion = 17.5.33502.453
MinimumVisualStudioVersion = 10.0.40219.1
Project("{8BC9CEB8-8B4A-11D0-8D11-00A0C91BC942}") = "Assignment2-1-3", "Assignment2-1-3.vcxproj", "{310ADF01-48AC-439F-9D28-B876BA96BE60}"
EndProject
Global
	GlobalSection(SolutionConfigurationPlatforms) = preSolution
		Debug|x64 = Debug|x64
		Debug|x86 = Debug|x86
		Release|x64 = Release|x64
		Release|x86 = Release|x86
	EndGlobalSection
	GlobalSection(ProjectConfigurationPlatforms) = postSolution
		{310ADF01-48AC-439F-9D28-B876BA96BE60}.Debug|x64.ActiveCfg = Debug|x64
		{310ADF01-48AC-439F-9D28-B876BA96BE60}.Debug|x64.Build.0 = Debug|x64
		{310ADF01-48AC-439F-9D28-B876BA96BE60}.Debug|x86.ActiveCfg = Debug|Win32
		{310ADF01-48AC-439F-9D28-B876BA96BE60}.Debug|x86.Build.0 = Debug|Win32
		{310ADF01-48AC-439F-9D28-B876BA96BE60}.Release|x64.ActiveCfg = Release|x64
		{310ADF01-48AC-439F-9D28-B876BA96BE60}.Release|x64.Build.0 = Release|x64
		{310ADF01-48AC-439F-9D28-B876BA96BE60}.Release|x86.ActiveCfg = Release|Win32
		{310ADF01-48AC-439F-9D28-B876BA96BE60}.Release|x86.Build.0 = Release|Win32
	EndGlobalSection
	GlobalSection(SolutionProperties) = preSolution
		HideSolutionNode = FALSE
	EndGlobalSection
	GlobalSection(ExtensibilityGlobals) = postSolution
		SolutionGuid = {71F46A6D-C9E7-42BE-BCC7-3CF09640D960}
	EndGlobalSection
EndGlobal
